
Microsoft Visual Studio Solution File, Format Version 12.00
# Visual Studio Version 16
VisualStudioVersion = 16.0.29306.81
MinimumVisualStudioVersion = 10.0.40219.1
Project("{FAE04EC0-301F-11D3-BF4B-00C04F79EFBC}") = "MeuPrimeiroApp", "MeuPrimeiroApp\MeuPrimeiroApp.csproj", "{A910120B-5006-464F-B149-4F5A67770DEC}"
EndProject
Global
	GlobalSection(SolutionConfigurationPlatforms) = preSolution
		Debug|Any CPU = Debug|Any CPU
		Release|Any CPU = Release|Any CPU
	EndGlobalSection
	GlobalSection(ProjectConfigurationPlatforms) = postSolution
		{A910120B-5006-464F-B149-4F5A67770DEC}.Debug|Any CPU.ActiveCfg = Debug|Any CPU
		{A910120B-5006-464F-B149-4F5A67770DEC}.Debug|Any CPU.Build.0 = Debug|Any CPU
		{A910120B-5006-464F-B149-4F5A67770DEC}.Release|Any CPU.ActiveCfg = Release|Any CPU
		{A910120B-5006-464F-B149-4F5A67770DEC}.Release|Any CPU.Build.0 = Release|Any CPU
	EndGlobalSection
	GlobalSection(SolutionProperties) = preSolution
		HideSolutionNode = FALSE
	EndGlobalSection
	GlobalSection(ExtensibilityGlobals) = postSolution
		SolutionGuid = {233C1779-36A1-4B08-98DF-84AC8F2BF3D3}
	EndGlobalSection
EndGlobal
